lockfileVersion: '9.0'

settings:
  autoInstallPeers: true
  excludeLinksFromLockfile: false

importers:

  .:
    devDependencies:
      '@types/node':
        specifier: ^25.0.3
        version: 25.0.3
      prettier:
        specifier: ^3.7.4
        version: 3.7.4
      sinon:
        specifier: ^9.0.1
        version: 9.2.4

packages:

  '@sinonjs/commons@1.8.6':
    resolution: {integrity: sha512-Ky+XkAkqPZSm3NLBeUng77EBQl3cmeJhITaGHdYH8kjVB+aun3S4XBRti2zt17mtt0mIUDiNxYeoJm6drVvBJQ==}

  '@sinonjs/fake-timers@6.0.1':
    resolution: {integrity: sha512-MZPUxrmFubI36XS1DI3qmI0YdN1gks62JtFZvxR67ljjSNCeK6U08Zx4msEWOXuofgqUt6zPHSi1H9fbjR/NRA==}

  '@sinonjs/samsam@5.3.1':
    resolution: {integrity: sha512-1Hc0b1TtyfBu8ixF/tpfSHTVWKwCBLY4QJbkgnE7HcwyvT2xArDxb4K7dMgqRm3szI+LJbzmW/s4xxEhv6hwDg==}

  '@sinonjs/text-encoding@0.7.3':
    resolution: {integrity: sha512-DE427ROAphMQzU4ENbliGYrBSYPXF+TtLg9S8vzeA+OF4ZKzoDdzfL8sxuMUGS/lgRhM6j1URSk9ghf7Xo1tyA==}

  '@types/node@25.0.3':
    resolution: {integrity: sha512-W609buLVRVmeW693xKfzHeIV6nJGGz98uCPfeXI1ELMLXVeKYZ9m15fAMSaUPBHYLGFsVRcMmSCksQOrZV9BYA==}

  diff@4.0.2:
    resolution: {integrity: sha512-58lmxKSA4BNyLz+HHMUzlOEpg09FV+ev6ZMe3vJihgdxzgcwZ8VoEEPmALCZG9LmqfVoNMMKpttIYTVG6uDY7A==}
    engines: {node: '>=0.3.1'}

  has-flag@4.0.0:
    resolution: {integrity: sha512-EykJT/Q1KjTWctppgIAgfSO0tKVuZUjhgMr17kqTumMl6Afv3EISleU7qZUzoXDFTAHTDC4NOoG/ZxU3EvlMPQ==}
    engines: {node: '>=8'}

  isarray@0.0.1:
    resolution: {integrity: sha512-D2S+3GLxWH+uhrNEcoh/fnmYeP8E8/zHl644d/jdA0g2uyXvy3sb0qxotE+ne0LtccHknQzWwZEzhak7oJ0COQ==}

  just-extend@4.2.1:
    resolution: {integrity: sha512-g3UB796vUFIY90VIv/WX3L2c8CS2MdWUww3CNrYmqza1Fg0DURc2K/O4YrnklBdQarSJ/y8JnJYDGc+1iumQjg==}

  lodash.get@4.4.2:
    resolution: {integrity: sha512-z+Uw/vLuy6gQe8cfaFWD7p0wVv8fJl3mbzXh33RS+0oW2wvUqiRXiQ69gLWSLpgB5/6sU+r6BlQR0MBILadqTQ==}
    deprecated: This package is deprecated. Use the optional chaining (?.) operator instead.

  nise@4.1.0:
    resolution: {integrity: sha512-eQMEmGN/8arp0xsvGoQ+B1qvSkR73B1nWSCh7nOt5neMCtwcQVYQGdzQMhcNscktTsWB54xnlSQFzOAPJD8nXA==}

  path-to-regexp@1.9.0:
    resolution: {integrity: sha512-xIp7/apCFJuUHdDLWe8O1HIkb0kQrOMb/0u6FXQjemHn/ii5LrIzU6bdECnsiTF/GjZkMEKg1xdiZwNqDYlZ6g==}

  prettier@3.7.4:
    resolution: {integrity: sha512-v6UNi1+3hSlVvv8fSaoUbggEM5VErKmmpGA7Pl3HF8V6uKY7rvClBOJlH6yNwQtfTueNkGVpOv/mtWL9L4bgRA==}
    engines: {node: '>=14'}
    hasBin: true

  sinon@9.2.4:
    resolution: {integrity: sha512-zljcULZQsJxVra28qIAL6ow1Z9tpattkCTEJR4RBP3TGc00FcttsP5pK284Nas5WjMZU5Yzy3kAIp3B3KRf5Yg==}
    deprecated: 16.1.1

  supports-color@7.2.0:
    resolution: {integrity: sha512-qpCAvRl9stuOHveKsn7HncJRvv501qIacKzQlO/+Lwxc9+0q2wLyv4Dfvt80/DPn2pqOBsJdDiogXGR9+OvwRw==}
    engines: {node: '>=8'}

  type-detect@4.0.8:
    resolution: {integrity: sha512-0fr/mIH1dlO+x7TlcMy+bIDqKPsw/70tVyeHW787goQjhmqaZe10uwLujubK9q9Lg6Fiho1KUKDYz0Z7k7g5/g==}
    engines: {node: '>=4'}

  type-detect@4.1.0:
    resolution: {integrity: sha512-Acylog8/luQ8L7il+geoSxhEkazvkslg7PSNKOX59mbB9cOveP5aq9h74Y7YU8yDpJwetzQQrfIwtf4Wp4LKcw==}
    engines: {node: '>=4'}

  undici-types@7.16.0:
    resolution: {integrity: sha512-Zz+aZWSj8LE6zoxD+xrjh4VfkIG8Ya6LvYkZqtUQGJPZjYl53ypCaUwWqo7eI0x66KBGeRo+mlBEkMSeSZ38Nw==}

snapshots:

  '@sinonjs/commons@1.8.6':
    dependencies:
      type-detect: 4.0.8

  '@sinonjs/fake-timers@6.0.1':
    dependencies:
      '@sinonjs/commons': 1.8.6

  '@sinonjs/samsam@5.3.1':
    dependencies:
      '@sinonjs/commons': 1.8.6
      lodash.get: 4.4.2
      type-detect: 4.1.0

  '@sinonjs/text-encoding@0.7.3': {}

  '@types/node@25.0.3':
    dependencies:
      undici-types: 7.16.0

  diff@4.0.2: {}

  has-flag@4.0.0: {}

  isarray@0.0.1: {}

  just-extend@4.2.1: {}

  lodash.get@4.4.2: {}

  nise@4.1.0:
    dependencies:
      '@sinonjs/commons': 1.8.6
      '@sinonjs/fake-timers': 6.0.1
      '@sinonjs/text-encoding': 0.7.3
      just-extend: 4.2.1
      path-to-regexp: 1.9.0

  path-to-regexp@1.9.0:
    dependencies:
      isarray: 0.0.1

  prettier@3.7.4: {}

  sinon@9.2.4:
    dependencies:
      '@sinonjs/commons': 1.8.6
      '@sinonjs/fake-timers': 6.0.1
      '@sinonjs/samsam': 5.3.1
      diff: 4.0.2
      nise: 4.1.0
      supports-color: 7.2.0

  supports-color@7.2.0:
    dependencies:
      has-flag: 4.0.0

  type-detect@4.0.8: {}

  type-detect@4.1.0: {}

  undici-types@7.16.0: {}
