{
  "version": "5",
  "specifiers": {
    "npm:gettext-parser@*": "9.0.2",
    "npm:zx@*": "8.8.5"
  },
  "npm": {
    "content-type@1.0.5": {
      "integrity": "sha512-nTjqfcBFEipKdXCv4YDQWCfmcLZKm81ldF0pAopTvyrFGVbcR6P/VAAd5G7N+0tTr8QqiU0tFadD6FK4NtJwOA=="
    },
    "encoding@0.1.13": {
      "integrity": "sha512-ETBauow1T35Y/WZMkio9jiM0Z5xjHHmJ4XmjZOq1l/dXz3lr2sRn87nJy20RupqSh1F2m3HHPSp8ShIPQJrJ3A==",
      "dependencies": [
        "iconv-lite"
      ]
    },
    "gettext-parser@9.0.2": {
      "integrity": "sha512-dGvq3S1gpS6e9KzNkwgPED5xxfWk7mNYzzdi/fPdJF5qS7B+yo8El2ZQyyhJ79PyzTtHbwiqYOFsqBdzbQ0GPg==",
      "dependencies": [
        "content-type",
        "encoding"
      ]
    },
    "iconv-lite@0.6.3": {
      "integrity": "sha512-4fCk79wshMdzMp2rH06qWrJE4iolqLhCUH+OiuIgU++RB0+94NlDL81atO7GX55uUKueo0txHNtvEyI6D7WdMw==",
      "dependencies": [
        "safer-buffer"
      ]
    },
    "safer-buffer@2.1.2": {
      "integrity": "sha512-YZo3K82SD7Riyi0E1EQPojLz7kpepnSQI9IyPbHHg1XXXevb5dJI7tpyN2ADxGcQbHG7vcyRHk0cbwqcQriUtg=="
    },
    "zx@8.8.5": {
      "integrity": "sha512-SNgDF5L0gfN7FwVOdEFguY3orU5AkfFZm9B5YSHog/UDHv+lvmd82ZAsOenOkQixigwH2+yyH198AwNdKhj+RA==",
      "bin": true
    }
  }
}
