lockfileVersion: '9.0'

settings:
  autoInstallPeers: true
  excludeLinksFromLockfile: false

overrides:
  gettext-parser: https://github.com/kisaragi-hiu/gettext-parser#fix-obsolete-previous

importers:

  .:
    dependencies:
      gettext-parser:
        specifier: https://github.com/kisaragi-hiu/gettext-parser#fix-obsolete-previous
        version: https://codeload.github.com/kisaragi-hiu/gettext-parser/tar.gz/14256c4e71534cd63342cf1b5a9c9f6f7d55bb08
      zx:
        specifier: ^8.8.5
        version: 8.8.5

packages:

  content-type@1.0.5:
    resolution: {integrity: sha512-nTjqfcBFEipKdXCv4YDQWCfmcLZKm81ldF0pAopTvyrFGVbcR6P/VAAd5G7N+0tTr8QqiU0tFadD6FK4NtJwOA==}
    engines: {node: '>= 0.6'}

  encoding@0.1.13:
    resolution: {integrity: sha512-ETBauow1T35Y/WZMkio9jiM0Z5xjHHmJ4XmjZOq1l/dXz3lr2sRn87nJy20RupqSh1F2m3HHPSp8ShIPQJrJ3A==}

  gettext-parser@https://codeload.github.com/kisaragi-hiu/gettext-parser/tar.gz/14256c4e71534cd63342cf1b5a9c9f6f7d55bb08:
    resolution: {gitHosted: true, tarball: https://codeload.github.com/kisaragi-hiu/gettext-parser/tar.gz/14256c4e71534cd63342cf1b5a9c9f6f7d55bb08}
    version: 9.0.2
    engines: {node: '>=20'}

  iconv-lite@0.6.3:
    resolution: {integrity: sha512-4fCk79wshMdzMp2rH06qWrJE4iolqLhCUH+OiuIgU++RB0+94NlDL81atO7GX55uUKueo0txHNtvEyI6D7WdMw==}
    engines: {node: '>=0.10.0'}

  safer-buffer@2.1.2:
    resolution: {integrity: sha512-YZo3K82SD7Riyi0E1EQPojLz7kpepnSQI9IyPbHHg1XXXevb5dJI7tpyN2ADxGcQbHG7vcyRHk0cbwqcQriUtg==}

  zx@8.8.5:
    resolution: {integrity: sha512-SNgDF5L0gfN7FwVOdEFguY3orU5AkfFZm9B5YSHog/UDHv+lvmd82ZAsOenOkQixigwH2+yyH198AwNdKhj+RA==}
    engines: {node: '>= 12.17.0'}
    hasBin: true

snapshots:

  content-type@1.0.5: {}

  encoding@0.1.13:
    dependencies:
      iconv-lite: 0.6.3

  gettext-parser@https://codeload.github.com/kisaragi-hiu/gettext-parser/tar.gz/14256c4e71534cd63342cf1b5a9c9f6f7d55bb08:
    dependencies:
      content-type: 1.0.5
      encoding: 0.1.13

  iconv-lite@0.6.3:
    dependencies:
      safer-buffer: 2.1.2

  safer-buffer@2.1.2: {}

  zx@8.8.5: {}
